
Microsoft Visual Studio Solution File, Format Version 12.00
# Visual Studio 15
VisualStudioVersion = 15.0.26430.15
MinimumVisualStudioVersion = 10.0.40219.1
Project("{FAE04EC0-301F-11D3-BF4B-00C04F79EFBC}") = "SRSelfHostTest", "SRSelfHostTest\SRSelfHostTest.csproj", "{AD82FEDC-DAFA-4D31-8851-CD1BC483AE60}"
EndProject
Project("{FAE04EC0-301F-11D3-BF4B-00C04F79EFBC}") = "SRServer", "SRServer\SRServer.csproj", "{FAC17355-8936-4073-B6E4-0EE2A30B7E6F}"
EndProject
Global
	GlobalSection(SolutionConfigurationPlatforms) = preSolution
		Debug|Any CPU = Debug|Any CPU
		Release|Any CPU = Release|Any CPU
	EndGlobalSection
	GlobalSection(ProjectConfigurationPlatforms) = postSolution
		{AD82FEDC-DAFA-4D31-8851-CD1BC483AE60}.Debug|Any CPU.ActiveCfg = Debug|Any CPU
		{AD82FEDC-DAFA-4D31-8851-CD1BC483AE60}.Debug|Any CPU.Build.0 = Debug|Any CPU
		{AD82FEDC-DAFA-4D31-8851-CD1BC483AE60}.Release|Any CPU.ActiveCfg = Release|Any CPU
		{AD82FEDC-DAFA-4D31-8851-CD1BC483AE60}.Release|Any CPU.Build.0 = Release|Any CPU
		{FAC17355-8936-4073-B6E4-0EE2A30B7E6F}.Debug|Any CPU.ActiveCfg = Debug|Any CPU
		{FAC17355-8936-4073-B6E4-0EE2A30B7E6F}.Debug|Any CPU.Build.0 = Debug|Any CPU
		{FAC17355-8936-4073-B6E4-0EE2A30B7E6F}.Release|Any CPU.ActiveCfg = Release|Any CPU
		{FAC17355-8936-4073-B6E4-0EE2A30B7E6F}.Release|Any CPU.Build.0 = Release|Any CPU
	EndGlobalSection
	GlobalSection(SolutionProperties) = preSolution
		HideSolutionNode = FALSE
	EndGlobalSection
EndGlobal
